// !$*UTF8*$!
{
	archiveVersion = 1;
	classes = {
	};
	objectVersion = 48;
	objects = {

/* Begin PBXBuildFile section */
		F9C9CB4E20E72DA2005AC961 /* AppDelegate.swift in Sources */ = {isa = PBXBuildFile; fileRef = F9C9CB4D20E72DA2005AC961 /* AppDelegate.swift */; };
		F9C9CB5020E72DA2005AC961 /* WeatherVC.swift in Sources */ = {isa = PBXBuildFile; fileRef = F9C9CB4F20E72DA2005AC961 /* WeatherVC.swift */; };
		F9C9CB5220E72DA2005AC961 /* Assets.xcassets in Resources */ = {isa = PBXBuildFile; fileRef = F9C9CB5120E72DA2005AC961 /* Assets.xcassets */; };
		F9C9CB5520E72DA2005AC961 /* Main.storyboard in Resources */ = {isa = PBXBuildFile; fileRef = F9C9CB5320E72DA2005AC961 /* Main.storyboard */; };
		F9C9CB6220E81EE7005AC961 /* WeatherCell.xib in Resources */ = {isa = PBXBuildFile; fileRef = F9C9CB6120E81EE7005AC961 /* WeatherCell.xib */; };
		F9C9CB6420E81F2B005AC961 /* WeatherCell.swift in Sources */ = {isa = PBXBuildFile; fileRef = F9C9CB6320E81F2B005AC961 /* WeatherCell.swift */; };
		F9C9CB6620E82EFC005AC961 /* Constants.swift in Sources */ = {isa = PBXBuildFile; fileRef = F9C9CB6520E82EFC005AC961 /* Constants.swift */; };
		F9C9CB6820E83672005AC961 /* WeatherService.swift in Sources */ = {isa = PBXBuildFile; fileRef = F9C9CB6720E83672005AC961 /* WeatherService.swift */; };
/* End PBXBuildFile section */

/* Begin PBXFileReference section */
		F9C9CB4A20E72DA2005AC961 /* weather.app */ = {isa = PBXFileReference; explicitFileType = wrapper.application; includeInIndex = 0; path = weather.app; sourceTree = BUILT_PRODUCTS_DIR; };
		F9C9CB4D20E72DA2005AC961 /* AppDelegate.swift */ = {isa = PBXFileReference; lastKnownFileType = sourcecode.swift; path = AppDelegate.swift; sourceTree = "<group>"; };
		F9C9CB4F20E72DA2005AC961 /* WeatherVC.swift */ = {isa = PBXFileReference; lastKnownFileType = sourcecode.swift; path = WeatherVC.swift; sourceTree = "<group>"; };
		F9C9CB5120E72DA2005AC961 /* Assets.xcassets */ = {isa = PBXFileReference; lastKnownFileType = folder.assetcatalog; path = Assets.xcassets; sourceTree = "<group>"; };
		F9C9CB5420E72DA2005AC961 /* Base */ = {isa = PBXFileReference; lastKnownFileType = file.storyboard; name = Base; path = Base.lproj/Main.storyboard; sourceTree = "<group>"; };
		F9C9CB5620E72DA2005AC961 /* Info.plist */ = {isa = PBXFileReference; lastKnownFileType = text.plist.xml; path = Info.plist; sourceTree = "<group>"; };
		F9C9CB5720E72DA2005AC961 /* weather.entitlements */ = {isa = PBXFileReference; lastKnownFileType = text.plist.entitlements; path = weather.entitlements; sourceTree = "<group>"; };
		F9C9CB6120E81EE7005AC961 /* WeatherCell.xib */ = {isa = PBXFileReference; lastKnownFileType = file.xib; path = WeatherCell.xib; sourceTree = "<group>"; };
		F9C9CB6320E81F2B005AC961 /* WeatherCell.swift */ = {isa = PBXFileReference; lastKnownFileType = sourcecode.swift; path = WeatherCell.swift; sourceTree = "<group>"; };
		F9C9CB6520E82EFC005AC961 /* Constants.swift */ = {isa = PBXFileReference; lastKnownFileType = sourcecode.swift; path = Constants.swift; sourceTree = "<group>"; };
		F9C9CB6720E83672005AC961 /* WeatherService.swift */ = {isa = PBXFileReference; lastKnownFileType = sourcecode.swift; path = WeatherService.swift; sourceTree = "<group>"; };
/* End PBXFileReference section */

/* Begin PBXFrameworksBuildPhase section */
		F9C9CB4720E72DA2005AC961 /* Frameworks */ = {
			isa = PBXFrameworksBuildPhase;
			buildActionMask = 2147483647;
			files = (
			);
			runOnlyForDeploymentPostprocessing = 0;
		};
/* End PBXFrameworksBuildPhase section */

/* Begin PBXGroup section */
		F9C9CB4120E72DA2005AC961 = {
			isa = PBXGroup;
			children = (
				F9C9CB4C20E72DA2005AC961 /* weather */,
				F9C9CB4B20E72DA2005AC961 /* Products */,
			);
			sourceTree = "<group>";
		};
		F9C9CB4B20E72DA2005AC961 /* Products */ = {
			isa = PBXGroup;
			children = (
				F9C9CB4A20E72DA2005AC961 /* weather.app */,
			);
			name = Products;
			sourceTree = "<group>";
		};
		F9C9CB4C20E72DA2005AC961 /* weather */ = {
			isa = PBXGroup;
			children = (
				F9C9CB6020E81ED4005AC961 /* Xibs */,
				F9C9CB5F20E81EB9005AC961 /* Controller */,
				F9C9CB5E20E81EAE005AC961 /* View */,
				F9C9CB5D20E81EA1005AC961 /* Model */,
				F9C9CB4D20E72DA2005AC961 /* AppDelegate.swift */,
				F9C9CB5120E72DA2005AC961 /* Assets.xcassets */,
				F9C9CB5320E72DA2005AC961 /* Main.storyboard */,
				F9C9CB5620E72DA2005AC961 /* Info.plist */,
				F9C9CB5720E72DA2005AC961 /* weather.entitlements */,
				F9C9CB6520E82EFC005AC961 /* Constants.swift */,
				F9C9CB6920E83678005AC961 /* Service */,
			);
			path = weather;
			sourceTree = "<group>";
		};
		F9C9CB5D20E81EA1005AC961 /* Model */ = {
			isa = PBXGroup;
			children = (
			);
			path = Model;
			sourceTree = "<group>";
		};
		F9C9CB5E20E81EAE005AC961 /* View */ = {
			isa = PBXGroup;
			children = (
				F9C9CB6320E81F2B005AC961 /* WeatherCell.swift */,
			);
			path = View;
			sourceTree = "<group>";
		};
		F9C9CB5F20E81EB9005AC961 /* Controller */ = {
			isa = PBXGroup;
			children = (
				F9C9CB4F20E72DA2005AC961 /* WeatherVC.swift */,
			);
			path = Controller;
			sourceTree = "<group>";
		};
		F9C9CB6020E81ED4005AC961 /* Xibs */ = {
			isa = PBXGroup;
			children = (
				F9C9CB6120E81EE7005AC961 /* WeatherCell.xib */,
			);
			path = Xibs;
			sourceTree = "<group>";
		};
		F9C9CB6920E83678005AC961 /* Service */ = {
			isa = PBXGroup;
			children = (
				F9C9CB6720E83672005AC961 /* WeatherService.swift */,
			);
			path = Service;
			sourceTree = "<group>";
		};
/* End PBXGroup section */

/* Begin PBXNativeTarget section */
		F9C9CB4920E72DA2005AC961 /* weather */ = {
			isa = PBXNativeTarget;
			buildConfigurationList = F9C9CB5A20E72DA2005AC961 /* Build configuration list for PBXNativeTarget "weather" */;
			buildPhases = (
				F9C9CB4620E72DA2005AC961 /* Sources */,
				F9C9CB4720E72DA2005AC961 /* Frameworks */,
				F9C9CB4820E72DA2005AC961 /* Resources */,
			);
			buildRules = (
			);
			dependencies = (
			);
			name = weather;
			productName = weather;
			productReference = F9C9CB4A20E72DA2005AC961 /* weather.app */;
			productType = "com.apple.product-type.application";
		};
/* End PBXNativeTarget section */

/* Begin PBXProject section */
		F9C9CB4220E72DA2005AC961 /* Project object */ = {
			isa = PBXProject;
			attributes = {
				LastSwiftUpdateCheck = 0920;
				LastUpgradeCheck = 0920;
				ORGANIZATIONNAME = "Sky Xu";
				TargetAttributes = {
					F9C9CB4920E72DA2005AC961 = {
						CreatedOnToolsVersion = 9.2;
						ProvisioningStyle = Automatic;
					};
				};
			};
			buildConfigurationList = F9C9CB4520E72DA2005AC961 /* Build configuration list for PBXProject "weather" */;
			compatibilityVersion = "Xcode 8.0";
			developmentRegion = en;
			hasScannedForEncodings = 0;
			knownRegions = (
				en,
				Base,
			);
			mainGroup = F9C9CB4120E72DA2005AC961;
			productRefGroup = F9C9CB4B20E72DA2005AC961 /* Products */;
			projectDirPath = "";
			projectRoot = "";
			targets = (
				F9C9CB4920E72DA2005AC961 /* weather */,
			);
		};
/* End PBXProject section */

/* Begin PBXResourcesBuildPhase section */
		F9C9CB4820E72DA2005AC961 /* Resources */ = {
			isa = PBXResourcesBuildPhase;
			buildActionMask = 2147483647;
			files = (
				F9C9CB6220E81EE7005AC961 /* WeatherCell.xib in Resources */,
				F9C9CB5220E72DA2005AC961 /* Assets.xcassets in Resources */,
				F9C9CB5520E72DA2005AC961 /* Main.storyboard in Resources */,
			);
			runOnlyForDeploymentPostprocessing = 0;
		};
/* End PBXResourcesBuildPhase section */

/* Begin PBXSourcesBuildPhase section */
		F9C9CB4620E72DA2005AC961 /* Sources */ = {
			isa = PBXSourcesBuildPhase;
			buildActionMask = 2147483647;
			files = (
				F9C9CB6820E83672005AC961 /* WeatherService.swift in Sources */,
				F9C9CB5020E72DA2005AC961 /* WeatherVC.swift in Sources */,
				F9C9CB4E20E72DA2005AC961 /* AppDelegate.swift in Sources */,
				F9C9CB6420E81F2B005AC961 /* WeatherCell.swift in Sources */,
				F9C9CB6620E82EFC005AC961 /* Constants.swift in Sources */,
			);
			runOnlyForDeploymentPostprocessing = 0;
		};
/* End PBXSourcesBuildPhase section */

/* Begin PBXVariantGroup section */
		F9C9CB5320E72DA2005AC961 /* Main.storyboard */ = {
			isa = PBXVariantGroup;
			children = (
				F9C9CB5420E72DA2005AC961 /* Base */,
			);
			name = Main.storyboard;
			sourceTree = "<group>";
		};
/* End PBXVariantGroup section */

/* Begin XCBuildConfiguration section */
		F9C9CB5820E72DA2005AC961 /* Debug */ = {
			isa = XCBuildConfiguration;
			buildSettings = {
				ALWAYS_SEARCH_USER_PATHS = NO;
				CLANG_ANALYZER_NONNULL = YES;
				CLANG_ANALYZER_NUMBER_OBJECT_CONVERSION = YES_AGGRESSIVE;
				CLANG_CXX_LANGUAGE_STANDARD = "gnu++14";
				CLANG_CXX_LIBRARY = "libc++";
				CLANG_ENABLE_MODULES = YES;
				CLANG_ENABLE_OBJC_ARC = YES;
				CLANG_WARN_BLOCK_CAPTURE_AUTORELEASING = YES;
				CLANG_WARN_BOOL_CONVERSION = YES;
				CLANG_WARN_COMMA = YES;
				CLANG_WARN_CONSTANT_CONVERSION = YES;
				CLANG_WARN_DIRECT_OBJC_ISA_USAGE = YES_ERROR;
				CLANG_WARN_DOCUMENTATION_COMMENTS = YES;
				CLANG_WARN_EMPTY_BODY = YES;
				CLANG_WARN_ENUM_CONVERSION = YES;
				CLANG_WARN_INFINITE_RECURSION = YES;
				CLANG_WARN_INT_CONVERSION = YES;
				CLANG_WARN_NON_LITERAL_NULL_CONVERSION = YES;
				CLANG_WARN_OBJC_LITERAL_CONVERSION = YES;
				CLANG_WARN_OBJC_ROOT_CLASS = YES_ERROR;
				CLANG_WARN_RANGE_LOOP_ANALYSIS = YES;
				CLANG_WARN_STRICT_PROTOTYPES = YES;
				CLANG_WARN_SUSPICIOUS_MOVE = YES;
				CLANG_WARN_UNGUARDED_AVAILABILITY = YES_AGGRESSIVE;
				CLANG_WARN_UNREACHABLE_CODE = YES;
				CLANG_WARN__DUPLICATE_METHOD_MATCH = YES;
				CODE_SIGN_IDENTITY = "Mac Developer";
				COPY_PHASE_STRIP = NO;
				DEBUG_INFORMATION_FORMAT = dwarf;
				ENABLE_STRICT_OBJC_MSGSEND = YES;
				ENABLE_TESTABILITY = YES;
				GCC_C_LANGUAGE_STANDARD = gnu11;
				GCC_DYNAMIC_NO_PIC = NO;
				GCC_NO_COMMON_BLOCKS = YES;
				GCC_OPTIMIZATION_LEVEL = 0;
				GCC_PREPROCESSOR_DEFINITIONS = (
					"DEBUG=1",
					"$(inherited)",
				);
				GCC_WARN_64_TO_32_BIT_CONVERSION = YES;
				GCC_WARN_ABOUT_RETURN_TYPE = YES_ERROR;
				GCC_WARN_UNDECLARED_SELECTOR = YES;
				GCC_WARN_UNINITIALIZED_AUTOS = YES_AGGRESSIVE;
				GCC_WARN_UNUSED_FUNCTION = YES;
				GCC_WARN_UNUSED_VARIABLE = YES;
				MACOSX_DEPLOYMENT_TARGET = 10.12;
				MTL_ENABLE_DEBUG_INFO = YES;
				ONLY_ACTIVE_ARCH = NO;
				SDKROOT = macosx;
				SWIFT_ACTIVE_COMPILATION_CONDITIONS = DEBUG;
				SWIFT_OPTIMIZATION_LEVEL = "-Onone";
			};
			name = Debug;
		};
		F9C9CB5920E72DA2005AC961 /* Release */ = {
			isa = XCBuildConfiguration;
			buildSettings = {
				ALWAYS_SEARCH_USER_PATHS = NO;
				CLANG_ANALYZER_NONNULL = YES;
				CLANG_ANALYZER_NUMBER_OBJECT_CONVERSION = YES_AGGRESSIVE;
				CLANG_CXX_LANGUAGE_STANDARD = "gnu++14";
				CLANG_CXX_LIBRARY = "libc++";
				CLANG_ENABLE_MODULES = YES;
				CLANG_ENABLE_OBJC_ARC = YES;
				CLANG_WARN_BLOCK_CAPTURE_AUTORELEASING = YES;
				CLANG_WARN_BOOL_CONVERSION = YES;
				CLANG_WARN_COMMA = YES;
				CLANG_WARN_CONSTANT_CONVERSION = YES;
				CLANG_WARN_DIRECT_OBJC_ISA_USAGE = YES_ERROR;
				CLANG_WARN_DOCUMENTATION_COMMENTS = YES;
				CLANG_WARN_EMPTY_BODY = YES;
				CLANG_WARN_ENUM_CONVERSION = YES;
				CLANG_WARN_INFINITE_RECURSION = YES;
				CLANG_WARN_INT_CONVERSION = YES;
				CLANG_WARN_NON_LITERAL_NULL_CONVERSION = YES;
				CLANG_WARN_OBJC_LITERAL_CONVERSION = YES;
				CLANG_WARN_OBJC_ROOT_CLASS = YES_ERROR;
				CLANG_WARN_RANGE_LOOP_ANALYSIS = YES;
				CLANG_WARN_STRICT_PROTOTYPES = YES;
				CLANG_WARN_SUSPICIOUS_MOVE = YES;
				CLANG_WARN_UNGUARDED_AVAILABILITY = YES_AGGRESSIVE;
				CLANG_WARN_UNREACHABLE_CODE = YES;
				CLANG_WARN__DUPLICATE_METHOD_MATCH = YES;
				CODE_SIGN_IDENTITY = "Mac Developer";
				COPY_PHASE_STRIP = NO;
				DEBUG_INFORMATION_FORMAT = "dwarf-with-dsym";
				ENABLE_NS_ASSERTIONS = NO;
				ENABLE_STRICT_OBJC_MSGSEND = YES;
				GCC_C_LANGUAGE_STANDARD = gnu11;
				GCC_NO_COMMON_BLOCKS = YES;
				GCC_WARN_64_TO_32_BIT_CONVERSION = YES;
				GCC_WARN_ABOUT_RETURN_TYPE = YES_ERROR;
				GCC_WARN_UNDECLARED_SELECTOR = YES;
				GCC_WARN_UNINITIALIZED_AUTOS = YES_AGGRESSIVE;
				GCC_WARN_UNUSED_FUNCTION = YES;
				GCC_WARN_UNUSED_VARIABLE = YES;
				MACOSX_DEPLOYMENT_TARGET = 10.12;
				MTL_ENABLE_DEBUG_INFO = NO;
				SDKROOT = macosx;
				SWIFT_OPTIMIZATION_LEVEL = "-Owholemodule";
			};
			name = Release;
		};
		F9C9CB5B20E72DA2005AC961 /* Debug */ = {
			isa = XCBuildConfiguration;
			buildSettings = {
				ASSETCATALOG_COMPILER_APPICON_NAME = AppIcon;
				CODE_SIGN_ENTITLEMENTS = weather/weather.entitlements;
				CODE_SIGN_STYLE = Automatic;
				COMBINE_HIDPI_IMAGES = YES;
				DEVELOPMENT_TEAM = A3KV3V94JT;
				INFOPLIST_FILE = weather/Info.plist;
				LD_RUNPATH_SEARCH_PATHS = "$(inherited) @executable_path/../Frameworks";
				ONLY_ACTIVE_ARCH = NO;
				PRODUCT_BUNDLE_IDENTIFIER = com.sky.weather;
				PRODUCT_NAME = "$(TARGET_NAME)";
				SWIFT_VERSION = 4.0;
			};
			name = Debug;
		};
		F9C9CB5C20E72DA2005AC961 /* Release */ = {
			isa = XCBuildConfiguration;
			buildSettings = {
				ASSETCATALOG_COMPILER_APPICON_NAME = AppIcon;
				CODE_SIGN_ENTITLEMENTS = weather/weather.entitlements;
				CODE_SIGN_STYLE = Automatic;
				COMBINE_HIDPI_IMAGES = YES;
				DEVELOPMENT_TEAM = A3KV3V94JT;
				INFOPLIST_FILE = weather/Info.plist;
				LD_RUNPATH_SEARCH_PATHS = "$(inherited) @executable_path/../Frameworks";
				PRODUCT_BUNDLE_IDENTIFIER = com.sky.weather;
				PRODUCT_NAME = "$(TARGET_NAME)";
				SWIFT_VERSION = 4.0;
			};
			name = Release;
		};
/* End XCBuildConfiguration section */

/* Begin XCConfigurationList section */
		F9C9CB4520E72DA2005AC961 /* Build configuration list for PBXProject "weather" */ = {
			isa = XCConfigurationList;
			buildConfigurations = (
				F9C9CB5820E72DA2005AC961 /* Debug */,
				F9C9CB5920E72DA2005AC961 /* Release */,
			);
			defaultConfigurationIsVisible = 0;
			defaultConfigurationName = Release;
		};
		F9C9CB5A20E72DA2005AC961 /* Build configuration list for PBXNativeTarget "weather" */ = {
			isa = XCConfigurationList;
			buildConfigurations = (
				F9C9CB5B20E72DA2005AC961 /* Debug */,
				F9C9CB5C20E72DA2005AC961 /* Release */,
			);
			defaultConfigurationIsVisible = 0;
			defaultConfigurationName = Release;
		};
/* End XCConfigurationList section */
	};
	rootObject = F9C9CB4220E72DA2005AC961 /* Project object */;
}
